
Microsoft Visual Studio Solution File, Format Version 12.00
# Visual Studio 15
VisualStudioVersion = 15.0.28307.1800
MinimumVisualStudioVersion = 10.0.40219.1
Project("{D2ABAB84-BF74-430A-B69E-9DC6D40DDA17}") = "Brooklyn_Home_Sales_SSAS", "Brooklyn_Home_Sales_SSAS\Brooklyn_Home_Sales_SSAS.dwproj", "{C3FD9BFE-A497-4C0E-A0B2-B324A62AA2F9}"
EndProject
Global
	GlobalSection(SolutionConfigurationPlatforms) = preSolution
		Development|Default = Development|Default
	EndGlobalSection
	GlobalSection(ProjectConfigurationPlatforms) = postSolution
		{C3FD9BFE-A497-4C0E-A0B2-B324A62AA2F9}.Development|Default.ActiveCfg = Development
		{C3FD9BFE-A497-4C0E-A0B2-B324A62AA2F9}.Development|Default.Build.0 = Development
		{C3FD9BFE-A497-4C0E-A0B2-B324A62AA2F9}.Development|Default.Deploy.0 = Development
	EndGlobalSection
	GlobalSection(SolutionProperties) = preSolution
		HideSolutionNode = FALSE
	EndGlobalSection
	GlobalSection(ExtensibilityGlobals) = postSolution
		SolutionGuid = {8E27404D-0F1A-4119-9A0A-2ADDEB082DDB}
	EndGlobalSection
EndGlobal
